
Microsoft Visual Studio Solution File, Format Version 12.00
# Visual Studio Version 17
VisualStudioVersion = 17.5.33424.131
MinimumVisualStudioVersion = 10.0.40219.1
Project("{FAE04EC0-301F-11D3-BF4B-00C04F79EFBC}") = "Shopping-App", "Shopping-App\Shopping-App.csproj", "{DB2A9A0C-0759-4255-839F-C33CC6C411AC}"
EndProject
Global
	GlobalSection(SolutionConfigurationPlatforms) = preSolution
		Debug|Any CPU = Debug|Any CPU
		Release|Any CPU = Release|Any CPU
	EndGlobalSection
	GlobalSection(ProjectConfigurationPlatforms) = postSolution
		{DB2A9A0C-0759-4255-839F-C33CC6C411AC}.Debug|Any CPU.ActiveCfg = Debug|Any CPU
		{DB2A9A0C-0759-4255-839F-C33CC6C411AC}.Debug|Any CPU.Build.0 = Debug|Any CPU
		{DB2A9A0C-0759-4255-839F-C33CC6C411AC}.Release|Any CPU.ActiveCfg = Release|Any CPU
		{DB2A9A0C-0759-4255-839F-C33CC6C411AC}.Release|Any CPU.Build.0 = Release|Any CPU
	EndGlobalSection
	GlobalSection(SolutionProperties) = preSolution
		HideSolutionNode = FALSE
	EndGlobalSection
	GlobalSection(ExtensibilityGlobals) = postSolution
		SolutionGuid = {3E4F270E-D0BD-4049-9351-EE060A906FDE}
	EndGlobalSection
EndGlobal
